
Microsoft Visual Studio Solution File, Format Version 12.00
# Visual Studio Version 17
VisualStudioVersion = 17.11.35222.181
MinimumVisualStudioVersion = 10.0.40219.1
Project("{FAE04EC0-301F-11D3-BF4B-00C04F79EFBC}") = "CSE445_Assignments_5_6_Customer_Service_Portal", "CSE445_Assignments_4_5_Customer_Service_Portal\CSE445_Assignments_5_6_Customer_Service_Portal.csproj", "{D3A348F7-68DB-4107-94BF-08372816F341}"
	ProjectSection(ProjectDependencies) = postProject
		{088CD535-B206-4E1C-A7F6-6870770D5A87} = {088CD535-B206-4E1C-A7F6-6870770D5A87}
	EndProjectSection
EndProject
Project("{FAE04EC0-301F-11D3-BF4B-00C04F79EFBC}") = "ImgGroqService", "ImgGroq\ImgGroqService.csproj", "{088CD535-B206-4E1C-A7F6-6870770D5A87}"
EndProject
Project("{FAE04EC0-301F-11D3-BF4B-00C04F79EFBC}") = "AskGroqService", "GroqService\AskGroqService.csproj", "{457424FD-2176-47A7-8A82-B212ABE69515}"
EndProject
Project("{2150E333-8FDC-42A3-9474-1A3956D46DE8}") = "Solution Items", "Solution Items", "{47D3457C-F0D8-4FBA-AD5C-C4D36423C912}"
	ProjectSection(SolutionItems) = preProject
		TicketSchema.xsd = TicketSchema.xsd
	EndProjectSection
EndProject
Global
	GlobalSection(SolutionConfigurationPlatforms) = preSolution
		Debug|Any CPU = Debug|Any CPU
		Release|Any CPU = Release|Any CPU
	EndGlobalSection
	GlobalSection(ProjectConfigurationPlatforms) = postSolution
		{D3A348F7-68DB-4107-94BF-08372816F341}.Debug|Any CPU.ActiveCfg = Debug|Any CPU
		{D3A348F7-68DB-4107-94BF-08372816F341}.Debug|Any CPU.Build.0 = Debug|Any CPU
		{D3A348F7-68DB-4107-94BF-08372816F341}.Release|Any CPU.ActiveCfg = Release|Any CPU
		{D3A348F7-68DB-4107-94BF-08372816F341}.Release|Any CPU.Build.0 = Release|Any CPU
		{088CD535-B206-4E1C-A7F6-6870770D5A87}.Debug|Any CPU.ActiveCfg = Debug|Any CPU
		{088CD535-B206-4E1C-A7F6-6870770D5A87}.Debug|Any CPU.Build.0 = Debug|Any CPU
		{088CD535-B206-4E1C-A7F6-6870770D5A87}.Release|Any CPU.ActiveCfg = Release|Any CPU
		{088CD535-B206-4E1C-A7F6-6870770D5A87}.Release|Any CPU.Build.0 = Release|Any CPU
		{457424FD-2176-47A7-8A82-B212ABE69515}.Debug|Any CPU.ActiveCfg = Debug|Any CPU
		{457424FD-2176-47A7-8A82-B212ABE69515}.Debug|Any CPU.Build.0 = Debug|Any CPU
		{457424FD-2176-47A7-8A82-B212ABE69515}.Release|Any CPU.ActiveCfg = Release|Any CPU
		{457424FD-2176-47A7-8A82-B212ABE69515}.Release|Any CPU.Build.0 = Release|Any CPU
	EndGlobalSection
	GlobalSection(SolutionProperties) = preSolution
		HideSolutionNode = FALSE
	EndGlobalSection
	GlobalSection(ExtensibilityGlobals) = postSolution
		SolutionGuid = {587C6916-41A4-4104-A4D5-1ECE57939A12}
	EndGlobalSection
EndGlobal
